// !$*UTF8*$!
{
	archiveVersion = 1;
	classes = {
	};
	objectVersion = 50;
	objects = {

/* Begin PBXBuildFile section */
		444523BE210242A2001B1372 /* AppDelegate.swift in Sources */ = {isa = PBXBuildFile; fileRef = 444523BD210242A2001B1372 /* AppDelegate.swift */; };
		444523C0210242A2001B1372 /* ViewController.swift in Sources */ = {isa = PBXBuildFile; fileRef = 444523BF210242A2001B1372 /* ViewController.swift */; };
		444523C3210242A2001B1372 /* Main.storyboard in Resources */ = {isa = PBXBuildFile; fileRef = 444523C1210242A2001B1372 /* Main.storyboard */; };
		444523C6210242A2001B1372 /* BeltExam.xcdatamodeld in Sources */ = {isa = PBXBuildFile; fileRef = 444523C4210242A2001B1372 /* BeltExam.xcdatamodeld */; };
		444523C8210242A5001B1372 /* Assets.xcassets in Resources */ = {isa = PBXBuildFile; fileRef = 444523C7210242A5001B1372 /* Assets.xcassets */; };
		444523CB210242A5001B1372 /* LaunchScreen.storyboard in Resources */ = {isa = PBXBuildFile; fileRef = 444523C9210242A5001B1372 /* LaunchScreen.storyboard */; };
		444523D6210242A5001B1372 /* BeltExamTests.swift in Sources */ = {isa = PBXBuildFile; fileRef = 444523D5210242A5001B1372 /* BeltExamTests.swift */; };
		444523E1210242A5001B1372 /* BeltExamUITests.swift in Sources */ = {isa = PBXBuildFile; fileRef = 444523E0210242A5001B1372 /* BeltExamUITests.swift */; };
		444523EF21024E44001B1372 /* AddEditTableViewCell.swift in Sources */ = {isa = PBXBuildFile; fileRef = 444523EE21024E44001B1372 /* AddEditTableViewCell.swift */; };
		444523F121024EA3001B1372 /* AddEditTableViewController.swift in Sources */ = {isa = PBXBuildFile; fileRef = 444523F021024EA3001B1372 /* AddEditTableViewController.swift */; };
		444523F321024EE0001B1372 /* BeastCell.swift in Sources */ = {isa = PBXBuildFile; fileRef = 444523F221024EE0001B1372 /* BeastCell.swift */; };
		444523F521024F14001B1372 /* BeastedViewController.swift in Sources */ = {isa = PBXBuildFile; fileRef = 444523F421024F14001B1372 /* BeastedViewController.swift */; };
		444523F921025274001B1372 /* TheBeast.swift in Sources */ = {isa = PBXBuildFile; fileRef = 444523F821025274001B1372 /* TheBeast.swift */; };
		444523FB21027CA4001B1372 /* BeastedCell.swift in Sources */ = {isa = PBXBuildFile; fileRef = 444523FA21027CA4001B1372 /* BeastedCell.swift */; };
/* End PBXBuildFile section */

/* Begin PBXContainerItemProxy section */
		444523D2210242A5001B1372 /* PBXContainerItemProxy */ = {
			isa = PBXContainerItemProxy;
			containerPortal = 444523B2210242A2001B1372 /* Project object */;
			proxyType = 1;
			remoteGlobalIDString = 444523B9210242A2001B1372;
			remoteInfo = BeltExam;
		};
		444523DD210242A5001B1372 /* PBXContainerItemProxy */ = {
			isa = PBXContainerItemProxy;
			containerPortal = 444523B2210242A2001B1372 /* Project object */;
			proxyType = 1;
			remoteGlobalIDString = 444523B9210242A2001B1372;
			remoteInfo = BeltExam;
		};
/* End PBXContainerItemProxy section */

/* Begin PBXFileReference section */
		444523BA210242A2001B1372 /* BeltExam.app */ = {isa = PBXFileReference; explicitFileType = wrapper.application; includeInIndex = 0; path = BeltExam.app; sourceTree = BUILT_PRODUCTS_DIR; };
		444523BD210242A2001B1372 /* AppDelegate.swift */ = {isa = PBXFileReference; lastKnownFileType = sourcecode.swift; path = AppDelegate.swift; sourceTree = "<group>"; };
		444523BF210242A2001B1372 /* ViewController.swift */ = {isa = PBXFileReference; lastKnownFileType = sourcecode.swift; path = ViewController.swift; sourceTree = "<group>"; };
		444523C2210242A2001B1372 /* Base */ = {isa = PBXFileReference; lastKnownFileType = file.storyboard; name = Base; path = Base.lproj/Main.storyboard; sourceTree = "<group>"; };
		444523C5210242A2001B1372 /* BeltExam.xcdatamodel */ = {isa = PBXFileReference; lastKnownFileType = wrapper.xcdatamodel; path = BeltExam.xcdatamodel; sourceTree = "<group>"; };
		444523C7210242A5001B1372 /* Assets.xcassets */ = {isa = PBXFileReference; lastKnownFileType = folder.assetcatalog; path = Assets.xcassets; sourceTree = "<group>"; };
		444523CA210242A5001B1372 /* Base */ = {isa = PBXFileReference; lastKnownFileType = file.storyboard; name = Base; path = Base.lproj/LaunchScreen.storyboard; sourceTree = "<group>"; };
		444523CC210242A5001B1372 /* Info.plist */ = {isa = PBXFileReference; lastKnownFileType = text.plist.xml; path = Info.plist; sourceTree = "<group>"; };
		444523D1210242A5001B1372 /* BeltExamTests.xctest */ = {isa = PBXFileReference; explicitFileType = wrapper.cfbundle; includeInIndex = 0; path = BeltExamTests.xctest; sourceTree = BUILT_PRODUCTS_DIR; };
		444523D5210242A5001B1372 /* BeltExamTests.swift */ = {isa = PBXFileReference; lastKnownFileType = sourcecode.swift; path = BeltExamTests.swift; sourceTree = "<group>"; };
		444523D7210242A5001B1372 /* Info.plist */ = {isa = PBXFileReference; lastKnownFileType = text.plist.xml; path = Info.plist; sourceTree = "<group>"; };
		444523DC210242A5001B1372 /* BeltExamUITests.xctest */ = {isa = PBXFileReference; explicitFileType = wrapper.cfbundle; includeInIndex = 0; path = BeltExamUITests.xctest; sourceTree = BUILT_PRODUCTS_DIR; };
		444523E0210242A5001B1372 /* BeltExamUITests.swift */ = {isa = PBXFileReference; lastKnownFileType = sourcecode.swift; path = BeltExamUITests.swift; sourceTree = "<group>"; };
		444523E2210242A5001B1372 /* Info.plist */ = {isa = PBXFileReference; lastKnownFileType = text.plist.xml; path = Info.plist; sourceTree = "<group>"; };
		444523EE21024E44001B1372 /* AddEditTableViewCell.swift */ = {isa = PBXFileReference; lastKnownFileType = sourcecode.swift; path = AddEditTableViewCell.swift; sourceTree = "<group>"; };
		444523F021024EA3001B1372 /* AddEditTableViewController.swift */ = {isa = PBXFileReference; lastKnownFileType = sourcecode.swift; path = AddEditTableViewController.swift; sourceTree = "<group>"; };
		444523F221024EE0001B1372 /* BeastCell.swift */ = {isa = PBXFileReference; lastKnownFileType = sourcecode.swift; path = BeastCell.swift; sourceTree = "<group>"; };
		444523F421024F14001B1372 /* BeastedViewController.swift */ = {isa = PBXFileReference; lastKnownFileType = sourcecode.swift; path = BeastedViewController.swift; sourceTree = "<group>"; };
		444523F821025274001B1372 /* TheBeast.swift */ = {isa = PBXFileReference; lastKnownFileType = sourcecode.swift; path = TheBeast.swift; sourceTree = "<group>"; };
		444523FA21027CA4001B1372 /* BeastedCell.swift */ = {isa = PBXFileReference; lastKnownFileType = sourcecode.swift; path = BeastedCell.swift; sourceTree = "<group>"; };
/* End PBXFileReference section */

/* Begin PBXFrameworksBuildPhase section */
		444523B7210242A2001B1372 /* Frameworks */ = {
			isa = PBXFrameworksBuildPhase;
			buildActionMask = 2147483647;
			files = (
			);
			runOnlyForDeploymentPostprocessing = 0;
		};
		444523CE210242A5001B1372 /* Frameworks */ = {
			isa = PBXFrameworksBuildPhase;
			buildActionMask = 2147483647;
			files = (
			);
			runOnlyForDeploymentPostprocessing = 0;
		};
		444523D9210242A5001B1372 /* Frameworks */ = {
			isa = PBXFrameworksBuildPhase;
			buildActionMask = 2147483647;
			files = (
			);
			runOnlyForDeploymentPostprocessing = 0;
		};
/* End PBXFrameworksBuildPhase section */

/* Begin PBXGroup section */
		444523B1210242A2001B1372 = {
			isa = PBXGroup;
			children = (
				444523BC210242A2001B1372 /* BeltExam */,
				444523D4210242A5001B1372 /* BeltExamTests */,
				444523DF210242A5001B1372 /* BeltExamUITests */,
				444523BB210242A2001B1372 /* Products */,
			);
			sourceTree = "<group>";
		};
		444523BB210242A2001B1372 /* Products */ = {
			isa = PBXGroup;
			children = (
				444523BA210242A2001B1372 /* BeltExam.app */,
				444523D1210242A5001B1372 /* BeltExamTests.xctest */,
				444523DC210242A5001B1372 /* BeltExamUITests.xctest */,
			);
			name = Products;
			sourceTree = "<group>";
		};
		444523BC210242A2001B1372 /* BeltExam */ = {
			isa = PBXGroup;
			children = (
				444523F821025274001B1372 /* TheBeast.swift */,
				444523BD210242A2001B1372 /* AppDelegate.swift */,
				444523BF210242A2001B1372 /* ViewController.swift */,
				444523C1210242A2001B1372 /* Main.storyboard */,
				444523FA21027CA4001B1372 /* BeastedCell.swift */,
				444523F421024F14001B1372 /* BeastedViewController.swift */,
				444523F221024EE0001B1372 /* BeastCell.swift */,
				444523F021024EA3001B1372 /* AddEditTableViewController.swift */,
				444523EE21024E44001B1372 /* AddEditTableViewCell.swift */,
				444523C7210242A5001B1372 /* Assets.xcassets */,
				444523C9210242A5001B1372 /* LaunchScreen.storyboard */,
				444523CC210242A5001B1372 /* Info.plist */,
				444523C4210242A2001B1372 /* BeltExam.xcdatamodeld */,
			);
			path = BeltExam;
			sourceTree = "<group>";
		};
		444523D4210242A5001B1372 /* BeltExamTests */ = {
			isa = PBXGroup;
			children = (
				444523D5210242A5001B1372 /* BeltExamTests.swift */,
				444523D7210242A5001B1372 /* Info.plist */,
			);
			path = BeltExamTests;
			sourceTree = "<group>";
		};
		444523DF210242A5001B1372 /* BeltExamUITests */ = {
			isa = PBXGroup;
			children = (
				444523E0210242A5001B1372 /* BeltExamUITests.swift */,
				444523E2210242A5001B1372 /* Info.plist */,
			);
			path = BeltExamUITests;
			sourceTree = "<group>";
		};
/* End PBXGroup section */

/* Begin PBXNativeTarget section */
		444523B9210242A2001B1372 /* BeltExam */ = {
			isa = PBXNativeTarget;
			buildConfigurationList = 444523E5210242A5001B1372 /* Build configuration list for PBXNativeTarget "BeltExam" */;
			buildPhases = (
				444523B6210242A2001B1372 /* Sources */,
				444523B7210242A2001B1372 /* Frameworks */,
				444523B8210242A2001B1372 /* Resources */,
			);
			buildRules = (
			);
			dependencies = (
			);
			name = BeltExam;
			productName = BeltExam;
			productReference = 444523BA210242A2001B1372 /* BeltExam.app */;
			productType = "com.apple.product-type.application";
		};
		444523D0210242A5001B1372 /* BeltExamTests */ = {
			isa = PBXNativeTarget;
			buildConfigurationList = 444523E8210242A5001B1372 /* Build configuration list for PBXNativeTarget "BeltExamTests" */;
			buildPhases = (
				444523CD210242A5001B1372 /* Sources */,
				444523CE210242A5001B1372 /* Frameworks */,
				444523CF210242A5001B1372 /* Resources */,
			);
			buildRules = (
			);
			dependencies = (
				444523D3210242A5001B1372 /* PBXTargetDependency */,
			);
			name = BeltExamTests;
			productName = BeltExamTests;
			productReference = 444523D1210242A5001B1372 /* BeltExamTests.xctest */;
			productType = "com.apple.product-type.bundle.unit-test";
		};
		444523DB210242A5001B1372 /* BeltExamUITests */ = {
			isa = PBXNativeTarget;
			buildConfigurationList = 444523EB210242A5001B1372 /* Build configuration list for PBXNativeTarget "BeltExamUITests" */;
			buildPhases = (
				444523D8210242A5001B1372 /* Sources */,
				444523D9210242A5001B1372 /* Frameworks */,
				444523DA210242A5001B1372 /* Resources */,
			);
			buildRules = (
			);
			dependencies = (
				444523DE210242A5001B1372 /* PBXTargetDependency */,
			);
			name = BeltExamUITests;
			productName = BeltExamUITests;
			productReference = 444523DC210242A5001B1372 /* BeltExamUITests.xctest */;
			productType = "com.apple.product-type.bundle.ui-testing";
		};
/* End PBXNativeTarget section */

/* Begin PBXProject section */
		444523B2210242A2001B1372 /* Project object */ = {
			isa = PBXProject;
			attributes = {
				LastSwiftUpdateCheck = 0940;
				LastUpgradeCheck = 0940;
				ORGANIZATIONNAME = "Carlo Del Mundo";
				TargetAttributes = {
					444523B9210242A2001B1372 = {
						CreatedOnToolsVersion = 9.4.1;
					};
					444523D0210242A5001B1372 = {
						CreatedOnToolsVersion = 9.4.1;
						TestTargetID = 444523B9210242A2001B1372;
					};
					444523DB210242A5001B1372 = {
						CreatedOnToolsVersion = 9.4.1;
						TestTargetID = 444523B9210242A2001B1372;
					};
				};
			};
			buildConfigurationList = 444523B5210242A2001B1372 /* Build configuration list for PBXProject "BeltExam" */;
			compatibilityVersion = "Xcode 9.3";
			developmentRegion = en;
			hasScannedForEncodings = 0;
			knownRegions = (
				en,
				Base,
			);
			mainGroup = 444523B1210242A2001B1372;
			productRefGroup = 444523BB210242A2001B1372 /* Products */;
			projectDirPath = "";
			projectRoot = "";
			targets = (
				444523B9210242A2001B1372 /* BeltExam */,
				444523D0210242A5001B1372 /* BeltExamTests */,
				444523DB210242A5001B1372 /* BeltExamUITests */,
			);
		};
/* End PBXProject section */

/* Begin PBXResourcesBuildPhase section */
		444523B8210242A2001B1372 /* Resources */ = {
			isa = PBXResourcesBuildPhase;
			buildActionMask = 2147483647;
			files = (
				444523CB210242A5001B1372 /* LaunchScreen.storyboard in Resources */,
				444523C8210242A5001B1372 /* Assets.xcassets in Resources */,
				444523C3210242A2001B1372 /* Main.storyboard in Resources */,
			);
			runOnlyForDeploymentPostprocessing = 0;
		};
		444523CF210242A5001B1372 /* Resources */ = {
			isa = PBXResourcesBuildPhase;
			buildActionMask = 2147483647;
			files = (
			);
			runOnlyForDeploymentPostprocessing = 0;
		};
		444523DA210242A5001B1372 /* Resources */ = {
			isa = PBXResourcesBuildPhase;
			buildActionMask = 2147483647;
			files = (
			);
			runOnlyForDeploymentPostprocessing = 0;
		};
/* End PBXResourcesBuildPhase section */

/* Begin PBXSourcesBuildPhase section */
		444523B6210242A2001B1372 /* Sources */ = {
			isa = PBXSourcesBuildPhase;
			buildActionMask = 2147483647;
			files = (
				444523C0210242A2001B1372 /* ViewController.swift in Sources */,
				444523F921025274001B1372 /* TheBeast.swift in Sources */,
				444523F521024F14001B1372 /* BeastedViewController.swift in Sources */,
				444523F321024EE0001B1372 /* BeastCell.swift in Sources */,
				444523BE210242A2001B1372 /* AppDelegate.swift in Sources */,
				444523FB21027CA4001B1372 /* BeastedCell.swift in Sources */,
				444523C6210242A2001B1372 /* BeltExam.xcdatamodeld in Sources */,
				444523EF21024E44001B1372 /* AddEditTableViewCell.swift in Sources */,
				444523F121024EA3001B1372 /* AddEditTableViewController.swift in Sources */,
			);
			runOnlyForDeploymentPostprocessing = 0;
		};
		444523CD210242A5001B1372 /* Sources */ = {
			isa = PBXSourcesBuildPhase;
			buildActionMask = 2147483647;
			files = (
				444523D6210242A5001B1372 /* BeltExamTests.swift in Sources */,
			);
			runOnlyForDeploymentPostprocessing = 0;
		};
		444523D8210242A5001B1372 /* Sources */ = {
			isa = PBXSourcesBuildPhase;
			buildActionMask = 2147483647;
			files = (
				444523E1210242A5001B1372 /* BeltExamUITests.swift in Sources */,
			);
			runOnlyForDeploymentPostprocessing = 0;
		};
/* End PBXSourcesBuildPhase section */

/* Begin PBXTargetDependency section */
		444523D3210242A5001B1372 /* PBXTargetDependency */ = {
			isa = PBXTargetDependency;
			target = 444523B9210242A2001B1372 /* BeltExam */;
			targetProxy = 444523D2210242A5001B1372 /* PBXContainerItemProxy */;
		};
		444523DE210242A5001B1372 /* PBXTargetDependency */ = {
			isa = PBXTargetDependency;
			target = 444523B9210242A2001B1372 /* BeltExam */;
			targetProxy = 444523DD210242A5001B1372 /* PBXContainerItemProxy */;
		};
/* End PBXTargetDependency section */

/* Begin PBXVariantGroup section */
		444523C1210242A2001B1372 /* Main.storyboard */ = {
			isa = PBXVariantGroup;
			children = (
				444523C2210242A2001B1372 /* Base */,
			);
			name = Main.storyboard;
			sourceTree = "<group>";
		};
		444523C9210242A5001B1372 /* LaunchScreen.storyboard */ = {
			isa = PBXVariantGroup;
			children = (
				444523CA210242A5001B1372 /* Base */,
			);
			name = LaunchScreen.storyboard;
			sourceTree = "<group>";
		};
/* End PBXVariantGroup section */

/* Begin XCBuildConfiguration section */
		444523E3210242A5001B1372 /* Debug */ = {
			isa = XCBuildConfiguration;
			buildSettings = {
				ALWAYS_SEARCH_USER_PATHS = NO;
				CLANG_ANALYZER_NONNULL = YES;
				CLANG_ANALYZER_NUMBER_OBJECT_CONVERSION = YES_AGGRESSIVE;
				CLANG_CXX_LANGUAGE_STANDARD = "gnu++14";
				CLANG_CXX_LIBRARY = "libc++";
				CLANG_ENABLE_MODULES = YES;
				CLANG_ENABLE_OBJC_ARC = YES;
				CLANG_ENABLE_OBJC_WEAK = YES;
				CLANG_WARN_BLOCK_CAPTURE_AUTORELEASING = YES;
				CLANG_WARN_BOOL_CONVERSION = YES;
				CLANG_WARN_COMMA = YES;
				CLANG_WARN_CONSTANT_CONVERSION = YES;
				CLANG_WARN_DEPRECATED_OBJC_IMPLEMENTATIONS = YES;
				CLANG_WARN_DIRECT_OBJC_ISA_USAGE = YES_ERROR;
				CLANG_WARN_DOCUMENTATION_COMMENTS = YES;
				CLANG_WARN_EMPTY_BODY = YES;
				CLANG_WARN_ENUM_CONVERSION = YES;
				CLANG_WARN_INFINITE_RECURSION = YES;
				CLANG_WARN_INT_CONVERSION = YES;
				CLANG_WARN_NON_LITERAL_NULL_CONVERSION = YES;
				CLANG_WARN_OBJC_IMPLICIT_RETAIN_SELF = YES;
				CLANG_WARN_OBJC_LITERAL_CONVERSION = YES;
				CLANG_WARN_OBJC_ROOT_CLASS = YES_ERROR;
				CLANG_WARN_RANGE_LOOP_ANALYSIS = YES;
				CLANG_WARN_STRICT_PROTOTYPES = YES;
				CLANG_WARN_SUSPICIOUS_MOVE = YES;
				CLANG_WARN_UNGUARDED_AVAILABILITY = YES_AGGRESSIVE;
				CLANG_WARN_UNREACHABLE_CODE = YES;
				CLANG_WARN__DUPLICATE_METHOD_MATCH = YES;
				CODE_SIGN_IDENTITY = "iPhone Developer";
				COPY_PHASE_STRIP = NO;
				DEBUG_INFORMATION_FORMAT = dwarf;
				ENABLE_STRICT_OBJC_MSGSEND = YES;
				ENABLE_TESTABILITY = YES;
				GCC_C_LANGUAGE_STANDARD = gnu11;
				GCC_DYNAMIC_NO_PIC = NO;
				GCC_NO_COMMON_BLOCKS = YES;
				GCC_OPTIMIZATION_LEVEL = 0;
				GCC_PREPROCESSOR_DEFINITIONS = (
					"DEBUG=1",
					"$(inherited)",
				);
				GCC_WARN_64_TO_32_BIT_CONVERSION = YES;
				GCC_WARN_ABOUT_RETURN_TYPE = YES_ERROR;
				GCC_WARN_UNDECLARED_SELECTOR = YES;
				GCC_WARN_UNINITIALIZED_AUTOS = YES_AGGRESSIVE;
				GCC_WARN_UNUSED_FUNCTION = YES;
				GCC_WARN_UNUSED_VARIABLE = YES;
				IPHONEOS_DEPLOYMENT_TARGET = 11.4;
				MTL_ENABLE_DEBUG_INFO = YES;
				ONLY_ACTIVE_ARCH = YES;
				SDKROOT = iphoneos;
				SWIFT_ACTIVE_COMPILATION_CONDITIONS = DEBUG;
				SWIFT_OPTIMIZATION_LEVEL = "-Onone";
			};
			name = Debug;
		};
		444523E4210242A5001B1372 /* Release */ = {
			isa = XCBuildConfiguration;
			buildSettings = {
				ALWAYS_SEARCH_USER_PATHS = NO;
				CLANG_ANALYZER_NONNULL = YES;
				CLANG_ANALYZER_NUMBER_OBJECT_CONVERSION = YES_AGGRESSIVE;
				CLANG_CXX_LANGUAGE_STANDARD = "gnu++14";
				CLANG_CXX_LIBRARY = "libc++";
				CLANG_ENABLE_MODULES = YES;
				CLANG_ENABLE_OBJC_ARC = YES;
				CLANG_ENABLE_OBJC_WEAK = YES;
				CLANG_WARN_BLOCK_CAPTURE_AUTORELEASING = YES;
				CLANG_WARN_BOOL_CONVERSION = YES;
				CLANG_WARN_COMMA = YES;
				CLANG_WARN_CONSTANT_CONVERSION = YES;
				CLANG_WARN_DEPRECATED_OBJC_IMPLEMENTATIONS = YES;
				CLANG_WARN_DIRECT_OBJC_ISA_USAGE = YES_ERROR;
				CLANG_WARN_DOCUMENTATION_COMMENTS = YES;
				CLANG_WARN_EMPTY_BODY = YES;
				CLANG_WARN_ENUM_CONVERSION = YES;
				CLANG_WARN_INFINITE_RECURSION = YES;
				CLANG_WARN_INT_CONVERSION = YES;
				CLANG_WARN_NON_LITERAL_NULL_CONVERSION = YES;
				CLANG_WARN_OBJC_IMPLICIT_RETAIN_SELF = YES;
				CLANG_WARN_OBJC_LITERAL_CONVERSION = YES;
				CLANG_WARN_OBJC_ROOT_CLASS = YES_ERROR;
				CLANG_WARN_RANGE_LOOP_ANALYSIS = YES;
				CLANG_WARN_STRICT_PROTOTYPES = YES;
				CLANG_WARN_SUSPICIOUS_MOVE = YES;
				CLANG_WARN_UNGUARDED_AVAILABILITY = YES_AGGRESSIVE;
				CLANG_WARN_UNREACHABLE_CODE = YES;
				CLANG_WARN__DUPLICATE_METHOD_MATCH = YES;
				CODE_SIGN_IDENTITY = "iPhone Developer";
				COPY_PHASE_STRIP = NO;
				DEBUG_INFORMATION_FORMAT = "dwarf-with-dsym";
				ENABLE_NS_ASSERTIONS = NO;
				ENABLE_STRICT_OBJC_MSGSEND = YES;
				GCC_C_LANGUAGE_STANDARD = gnu11;
				GCC_NO_COMMON_BLOCKS = YES;
				GCC_WARN_64_TO_32_BIT_CONVERSION = YES;
				GCC_WARN_ABOUT_RETURN_TYPE = YES_ERROR;
				GCC_WARN_UNDECLARED_SELECTOR = YES;
				GCC_WARN_UNINITIALIZED_AUTOS = YES_AGGRESSIVE;
				GCC_WARN_UNUSED_FUNCTION = YES;
				GCC_WARN_UNUSED_VARIABLE = YES;
				IPHONEOS_DEPLOYMENT_TARGET = 11.4;
				MTL_ENABLE_DEBUG_INFO = NO;
				SDKROOT = iphoneos;
				SWIFT_COMPILATION_MODE = wholemodule;
				SWIFT_OPTIMIZATION_LEVEL = "-O";
				VALIDATE_PRODUCT = YES;
			};
			name = Release;
		};
		444523E6210242A5001B1372 /* Debug */ = {
			isa = XCBuildConfiguration;
			buildSettings = {
				ASSETCATALOG_COMPILER_APPICON_NAME = AppIcon;
				CODE_SIGN_STYLE = Automatic;
				DEVELOPMENT_TEAM = KCVSGQF5UJ;
				INFOPLIST_FILE = BeltExam/Info.plist;
				LD_RUNPATH_SEARCH_PATHS = (
					"$(inherited)",
					"@executable_path/Frameworks",
				);
				PRODUCT_BUNDLE_IDENTIFIER = demondul.BeltExam;
				PRODUCT_NAME = "$(TARGET_NAME)";
				SWIFT_VERSION = 4.0;
				TARGETED_DEVICE_FAMILY = "1,2";
			};
			name = Debug;
		};
		444523E7210242A5001B1372 /* Release */ = {
			isa = XCBuildConfiguration;
			buildSettings = {
				ASSETCATALOG_COMPILER_APPICON_NAME = AppIcon;
				CODE_SIGN_STYLE = Automatic;
				DEVELOPMENT_TEAM = KCVSGQF5UJ;
				INFOPLIST_FILE = BeltExam/Info.plist;
				LD_RUNPATH_SEARCH_PATHS = (
					"$(inherited)",
					"@executable_path/Frameworks",
				);
				PRODUCT_BUNDLE_IDENTIFIER = demondul.BeltExam;
				PRODUCT_NAME = "$(TARGET_NAME)";
				SWIFT_VERSION = 4.0;
				TARGETED_DEVICE_FAMILY = "1,2";
			};
			name = Release;
		};
		444523E9210242A5001B1372 /* Debug */ = {
			isa = XCBuildConfiguration;
			buildSettings = {
				ALWAYS_EMBED_SWIFT_STANDARD_LIBRARIES = YES;
				BUNDLE_LOADER = "$(TEST_HOST)";
				CODE_SIGN_STYLE = Automatic;
				DEVELOPMENT_TEAM = KCVSGQF5UJ;
				INFOPLIST_FILE = BeltExamTests/Info.plist;
				LD_RUNPATH_SEARCH_PATHS = (
					"$(inherited)",
					"@executable_path/Frameworks",
					"@loader_path/Frameworks",
				);
				PRODUCT_BUNDLE_IDENTIFIER = demondul.BeltExamTests;
				PRODUCT_NAME = "$(TARGET_NAME)";
				SWIFT_VERSION = 4.0;
				TARGETED_DEVICE_FAMILY = "1,2";
				TEST_HOST = "$(BUILT_PRODUCTS_DIR)/BeltExam.app/BeltExam";
			};
			name = Debug;
		};
		444523EA210242A5001B1372 /* Release */ = {
			isa = XCBuildConfiguration;
			buildSettings = {
				ALWAYS_EMBED_SWIFT_STANDARD_LIBRARIES = YES;
				BUNDLE_LOADER = "$(TEST_HOST)";
				CODE_SIGN_STYLE = Automatic;
				DEVELOPMENT_TEAM = KCVSGQF5UJ;
				INFOPLIST_FILE = BeltExamTests/Info.plist;
				LD_RUNPATH_SEARCH_PATHS = (
					"$(inherited)",
					"@executable_path/Frameworks",
					"@loader_path/Frameworks",
				);
				PRODUCT_BUNDLE_IDENTIFIER = demondul.BeltExamTests;
				PRODUCT_NAME = "$(TARGET_NAME)";
				SWIFT_VERSION = 4.0;
				TARGETED_DEVICE_FAMILY = "1,2";
				TEST_HOST = "$(BUILT_PRODUCTS_DIR)/BeltExam.app/BeltExam";
			};
			name = Release;
		};
		444523EC210242A5001B1372 /* Debug */ = {
			isa = XCBuildConfiguration;
			buildSettings = {
				ALWAYS_EMBED_SWIFT_STANDARD_LIBRARIES = YES;
				CODE_SIGN_STYLE = Automatic;
				DEVELOPMENT_TEAM = KCVSGQF5UJ;
				INFOPLIST_FILE = BeltExamUITests/Info.plist;
				LD_RUNPATH_SEARCH_PATHS = (
					"$(inherited)",
					"@executable_path/Frameworks",
					"@loader_path/Frameworks",
				);
				PRODUCT_BUNDLE_IDENTIFIER = demondul.BeltExamUITests;
				PRODUCT_NAME = "$(TARGET_NAME)";
				SWIFT_VERSION = 4.0;
				TARGETED_DEVICE_FAMILY = "1,2";
				TEST_TARGET_NAME = BeltExam;
			};
			name = Debug;
		};
		444523ED210242A5001B1372 /* Release */ = {
			isa = XCBuildConfiguration;
			buildSettings = {
				ALWAYS_EMBED_SWIFT_STANDARD_LIBRARIES = YES;
				CODE_SIGN_STYLE = Automatic;
				DEVELOPMENT_TEAM = KCVSGQF5UJ;
				INFOPLIST_FILE = BeltExamUITests/Info.plist;
				LD_RUNPATH_SEARCH_PATHS = (
					"$(inherited)",
					"@executable_path/Frameworks",
					"@loader_path/Frameworks",
				);
				PRODUCT_BUNDLE_IDENTIFIER = demondul.BeltExamUITests;
				PRODUCT_NAME = "$(TARGET_NAME)";
				SWIFT_VERSION = 4.0;
				TARGETED_DEVICE_FAMILY = "1,2";
				TEST_TARGET_NAME = BeltExam;
			};
			name = Release;
		};
/* End XCBuildConfiguration section */

/* Begin XCConfigurationList section */
		444523B5210242A2001B1372 /* Build configuration list for PBXProject "BeltExam" */ = {
			isa = XCConfigurationList;
			buildConfigurations = (
				444523E3210242A5001B1372 /* Debug */,
				444523E4210242A5001B1372 /* Release */,
			);
			defaultConfigurationIsVisible = 0;
			defaultConfigurationName = Release;
		};
		444523E5210242A5001B1372 /* Build configuration list for PBXNativeTarget "BeltExam" */ = {
			isa = XCConfigurationList;
			buildConfigurations = (
				444523E6210242A5001B1372 /* Debug */,
				444523E7210242A5001B1372 /* Release */,
			);
			defaultConfigurationIsVisible = 0;
			defaultConfigurationName = Release;
		};
		444523E8210242A5001B1372 /* Build configuration list for PBXNativeTarget "BeltExamTests" */ = {
			isa = XCConfigurationList;
			buildConfigurations = (
				444523E9210242A5001B1372 /* Debug */,
				444523EA210242A5001B1372 /* Release */,
			);
			defaultConfigurationIsVisible = 0;
			defaultConfigurationName = Release;
		};
		444523EB210242A5001B1372 /* Build configuration list for PBXNativeTarget "BeltExamUITests" */ = {
			isa = XCConfigurationList;
			buildConfigurations = (
				444523EC210242A5001B1372 /* Debug */,
				444523ED210242A5001B1372 /* Release */,
			);
			defaultConfigurationIsVisible = 0;
			defaultConfigurationName = Release;
		};
/* End XCConfigurationList section */

/* Begin XCVersionGroup section */
		444523C4210242A2001B1372 /* BeltExam.xcdatamodeld */ = {
			isa = XCVersionGroup;
			children = (
				444523C5210242A2001B1372 /* BeltExam.xcdatamodel */,
			);
			currentVersion = 444523C5210242A2001B1372 /* BeltExam.xcdatamodel */;
			path = BeltExam.xcdatamodeld;
			sourceTree = "<group>";
			versionGroupType = wrapper.xcdatamodel;
		};
/* End XCVersionGroup section */
	};
	rootObject = 444523B2210242A2001B1372 /* Project object */;
}
